{
    "_meta": {
        "hash": {
            "sha256": "b6352d13b4102c785188cb79741673a1723a0b9b6d0344473cb45fcd67a983e2"
        },
        "pipfile-spec": 6,
        "requires": {
            "python_version": "3.9"
        },
        "sources": [
            {
                "name": "pypi",
                "url": "https://pypi.python.org/simple",
                "verify_ssl": true
            }
        ]
    },
    "default": {
        "aadict": {
            "hashes": [
                "sha256:a77328ac55dbb5735da99441870251befe135f687ab707a7a178561363b27704"
            ],
            "version": "==0.2.3"
        },
        "asn1crypto": {
            "hashes": [
                "sha256:4bcdf33c861c7d40bdcd74d8e4dd7661aac320fcdf40b9a3f95b4ee12fde2fa8",
                "sha256:f4f6e119474e58e04a2b1af817eb585b4fd72bdd89b998624712b5c99be7641c"
            ],
            "version": "==1.4.0"
        },
        "asset": {
            "hashes": [
                "sha256:ec56cbf77931cb74d063848531db782f6f0fe1272d1f47f322c15efd0fa732ea"
            ],
            "version": "==0.6.13"
        },
        "asysocks": {
            "hashes": [
                "sha256:9b33fe5ab6853ed2ac9eb1652f4a8593a78ad5ba258bd10fa4b81801e38729c2",
                "sha256:a0a20e583fedb08c962a68dd50764a34424c41bd59a0ae952d8bb368a03eaa45"
            ],
            "version": "==0.1.2"
        },
        "globre": {
            "hashes": [
                "sha256:ee214204f237e9114b8f61eeb61c2abd1e665ca3b59e5a6a0b070971c0bb12e2"
            ],
            "version": "==0.1.5"
        },
        "minikerberos": {
            "hashes": [
                "sha256:30d0fbaf81a4c7d46710c80497ad905c562bd4d125a22850d87794f61ca1b31f",
                "sha256:ef64434457cf1c89d8f5d6ae91748775ac8adfa917ddc21d12838d3c43e6e979"
            ],
            "version": "==0.2.14"
        },
        "msldap": {
            "hashes": [
                "sha256:37e1b1044792595ca78fc14402baf84922e0a3838b36534ecd5a75cdd81e74ee",
                "sha256:7d7f96d41ab8174ffa0f2c56780eb3be8b3015009d0e94a4dbd83b9ead5c6181"
            ],
            "index": "pypi",
            "version": "==0.3.30"
        },
        "oscrypto": {
            "hashes": [
                "sha256:7d2cca6235d89d1af6eb9cfcd4d2c0cb405849868157b2f7b278beb644d48694",
                "sha256:988087e05b17df8bfcc7c5fac51f54595e46d3e4dffa7b3d15955cf61a633529"
            ],
            "version": "==1.2.1"
        },
        "passwordmeter": {
            "hashes": [
                "sha256:f4f7df54182072a137bca3e396f2dad354770ba596dd41f6646cd1f0665fee12"
            ],
            "index": "pypi",
            "version": "==0.1.8"
        },
        "prompt-toolkit": {
            "hashes": [
                "sha256:449f333dd120bd01f5d296a8ce1452114ba3a71fae7288d2f0ae2c918764fa72",
                "sha256:48d85cdca8b6c4f16480c7ce03fd193666b62b0a21667ca56b4bb5ad679d1170"
            ],
            "version": "==3.0.22"
        },
        "six": {
            "hashes": [
                "sha256:1e61c37477a1626458e36f7b1d82aa5c9b094fa4802892072e49de9c60c4c926",
                "sha256:8abb2f1d86890a2dfb989f9a77cfcfd3e47c2a354b01111771326f8aa26e0254"
            ],
            "version": "==1.16.0"
        },
        "termcolor": {
            "hashes": [
                "sha256:1d6d69ce66211143803fbc56652b41d73b4a400a2891d7bf7a1cdf4c02de613b"
            ],
            "index": "pypi",
            "version": "==1.1.0"
        },
        "tqdm": {
            "hashes": [
                "sha256:8dd278a422499cd6b727e6ae4061c40b48fce8b76d1ccbf5d34fca9b7f925b0c",
                "sha256:d359de7217506c9851b7869f3708d8ee53ed70a1b8edbba4dbcb47442592920d"
            ],
            "version": "==4.62.3"
        },
        "wcwidth": {
            "hashes": [
                "sha256:beb4802a9cebb9144e99086eff703a642a13d6a0052920003a230f3294bbe784",
                "sha256:c4d647b99872929fdb7bdcaa4fbe7f01413ed3d98077df798530e5b04f116c83"
            ],
            "version": "==0.2.5"
        },
        "winacl": {
            "hashes": [
                "sha256:57e5b4591b4be2b243d4b79882bd0fb6229d5930d062fdae941d5d8af6aa29ee",
                "sha256:aa652870757136e39ea85037d33b6b9bd09b415d907a5d64ca7b1a4f67202c59"
            ],
            "version": "==0.1.1"
        }
    },
    "develop": {}
}
